<?xml version="1.0" encoding="UTF-8"?>
<Scheme
   LastUpgradeVersion = "2600"
   version = "1.7">
   <BuildAction
      parallelizeBuildables = "YES"
      buildImplicitDependencies = "YES"
      buildArchitectures = "Automatic">
      <BuildActionEntries>
         <BuildActionEntry
            buildForTesting = "YES"
            buildForRunning = "YES"
            buildForProfiling = "YES"
            buildForArchiving = "YES"
            buildForAnalyzing = "YES">
            <BuildableReference
               BuildableIdentifier = "primary"
               BlueprintIdentifier = "A000002D"
               BuildableName = "Butterfly V3.app"
               BlueprintName = "Butterfly V3"
               ReferencedContainer = "container:MOMENTA.xcodeproj">
            </BuildableReference>
         </BuildActionEntry>
      </BuildActionEntries>
   </BuildAction>
   <TestAction
      buildConfiguration = "Debug"
      selectedDebuggerIdentifier = "Xcode.DebuggerFoundation.Debugger.LLDB"
      selectedLauncherIdentifier = "Xcode.DebuggerFoundation.Launcher.LLDB"
      shouldUseLaunchSchemeArgsEnv = "YES"
      shouldAutocreateTestPlan = "YES">
   </TestAction>
   <LaunchAction
      buildConfiguration = "Debug"
      selectedDebuggerIdentifier = "Xcode.DebuggerFoundation.Debugger.LLDB"
      selectedLauncherIdentifier = "Xcode.DebuggerFoundation.Launcher.LLDB"
      launchStyle = "0"
      useCustomWorkingDirectory = "NO"
      ignoresPersistentStateOnLaunch = "NO"
      debugDocumentVersioning = "YES"
      debugServiceExtension = "internal"
      allowLocationSimulation = "YES">
      <BuildableProductRunnable
         runnableDebuggingMode = "0">
         <BuildableReference
            BuildableIdentifier = "primary"
            BlueprintIdentifier = "A000002D"
            BuildableName = "Butterfly V3.app"
            BlueprintName = "Butterfly V3"
            ReferencedContainer = "container:MOMENTA.xcodeproj">
         </BuildableReference>
      </BuildableProductRunnable>
      <EnvironmentVariables>
         <EnvironmentVariable
            key = "OPENAI_API_KEY"
            value = "sk-02MsSdmQeMhylnJLLx23AwqAkKTHT218DDTTQ9Go5bhuFhaR"
            isEnabled = "YES">
         </EnvironmentVariable>
         <EnvironmentVariable
            key = "SUNO_API_KEY"
            value = "278567e9bf44b71bd6eb65c25a20a1da"
            isEnabled = "YES">
         </EnvironmentVariable>
         <EnvironmentVariable
            key = "OPENAI_BASE_URL"
            value = "https://api.apicore.ai/v1"
            isEnabled = "YES">
         </EnvironmentVariable>
      </EnvironmentVariables>
   </LaunchAction>
   <ProfileAction
      buildConfiguration = "Release"
      shouldUseLaunchSchemeArgsEnv = "NO"
      savedToolIdentifier = ""
      useCustomWorkingDirectory = "NO"
      debugDocumentVersioning = "YES">
      <BuildableProductRunnable
         runnableDebuggingMode = "0">
         <BuildableReference
            BuildableIdentifier = "primary"
            BlueprintIdentifier = "A000002D"
            BuildableName = "Butterfly V3.app"
            BlueprintName = "Butterfly V3"
            ReferencedContainer = "container:MOMENTA.xcodeproj">
         </BuildableReference>
      </BuildableProductRunnable>
      <EnvironmentVariables>
         <EnvironmentVariable
            key = "OPENAI_BASE_URL"
            value = "https://api.apicore.ai/v1"
            isEnabled = "YES">
         </EnvironmentVariable>
         <EnvironmentVariable
            key = "OPENAI_API_KEY"
            value = "sk-02MsSdmQeMhyInJLLx23AwqAkKTHT218DDTTQ9Go5bhuFhaR"
            isEnabled = "YES">
         </EnvironmentVariable>
         <EnvironmentVariable
            key = "SUNO_API_KEY"
            value = "278567e9bf44b71bd6eb65c25a20a1da"
            isEnabled = "YES">
         </EnvironmentVariable>
      </EnvironmentVariables>
   </ProfileAction>
   <AnalyzeAction
      buildConfiguration = "Debug">
   </AnalyzeAction>
   <ArchiveAction
      buildConfiguration = "Release"
      revealArchiveInOrganizer = "YES">
   </ArchiveAction>
</Scheme>
